
Microsoft Visual Studio Solution File, Format Version 12.00
# Visual Studio Version 17
VisualStudioVersion = 17.0.31903.59
MinimumVisualStudioVersion = 10.0.40219.1
Project("{FAE04EC0-301F-11D3-BF4B-00C04F79EFBC}") = "task1", "task1\task1.csproj", "{A995EA45-FF15-4ED5-9096-B3A4EF539F42}"
EndProject
Project("{FAE04EC0-301F-11D3-BF4B-00C04F79EFBC}") = "testTask1", "testTask1\testTask1.csproj", "{4C17F9E9-943C-44E3-ADD9-7993F93597ED}"
EndProject
Project("{FAE04EC0-301F-11D3-BF4B-00C04F79EFBC}") = "task2", "task2\task2.csproj", "{29F41FA4-6E3E-4B03-8889-F284C68D56A8}"
EndProject
Project("{FAE04EC0-301F-11D3-BF4B-00C04F79EFBC}") = "testTask2", "testTask2\testTask2.csproj", "{D6D20414-9865-47EE-A417-69AC0D779CA4}"
EndProject
Project("{FAE04EC0-301F-11D3-BF4B-00C04F79EFBC}") = "task3", "task3\task3.csproj", "{A56327A2-3C4D-4003-B1A3-C9FDF8B93453}"
EndProject
Project("{FAE04EC0-301F-11D3-BF4B-00C04F79EFBC}") = "testTask3", "testTask3\testTask3.csproj", "{6A1B3437-362F-4CD6-ACF6-2E95FA9883AE}"
EndProject
Project("{FAE04EC0-301F-11D3-BF4B-00C04F79EFBC}") = "task4", "task4\task4.csproj", "{8E5F320E-0FF0-4E5A-B440-9E63123F8D1D}"
EndProject
Project("{FAE04EC0-301F-11D3-BF4B-00C04F79EFBC}") = "testTask4", "testTask4\testTask4.csproj", "{9B810E6E-C7CA-457A-BA4A-BB8B96ECCAEE}"
EndProject
Project("{FAE04EC0-301F-11D3-BF4B-00C04F79EFBC}") = "task5", "task5\task5.csproj", "{A938B6E5-43A7-4D26-B2C2-7773B0A06660}"
EndProject
Project("{FAE04EC0-301F-11D3-BF4B-00C04F79EFBC}") = "testTask5", "testTask5\testTask5.csproj", "{263DEAA2-C356-4716-A9C6-EF638CF3DBAF}"
EndProject
Project("{FAE04EC0-301F-11D3-BF4B-00C04F79EFBC}") = "task6", "task6\task6.csproj", "{7C4B2AA8-E0CC-49F4-BAD6-F9DB7520CDFC}"
EndProject
Project("{FAE04EC0-301F-11D3-BF4B-00C04F79EFBC}") = "testTask6", "testTask6\testTask6.csproj", "{404B6BEA-F478-4A01-93CF-E70A40C0B323}"
EndProject
Project("{FAE04EC0-301F-11D3-BF4B-00C04F79EFBC}") = "task7", "task7\task7.csproj", "{D3316D4D-F88E-4612-B675-FA9A09027069}"
EndProject
Project("{FAE04EC0-301F-11D3-BF4B-00C04F79EFBC}") = "testTask7", "testTask7\testTask7.csproj", "{D2FC92CB-7EED-41F1-9BC4-46471EC43E76}"
EndProject
Global
	GlobalSection(SolutionConfigurationPlatforms) = preSolution
		Debug|Any CPU = Debug|Any CPU
		Release|Any CPU = Release|Any CPU
	EndGlobalSection
	GlobalSection(SolutionProperties) = preSolution
		HideSolutionNode = FALSE
	EndGlobalSection
	GlobalSection(ProjectConfigurationPlatforms) = postSolution
		{A995EA45-FF15-4ED5-9096-B3A4EF539F42}.Debug|Any CPU.ActiveCfg = Debug|Any CPU
		{A995EA45-FF15-4ED5-9096-B3A4EF539F42}.Debug|Any CPU.Build.0 = Debug|Any CPU
		{A995EA45-FF15-4ED5-9096-B3A4EF539F42}.Release|Any CPU.ActiveCfg = Release|Any CPU
		{A995EA45-FF15-4ED5-9096-B3A4EF539F42}.Release|Any CPU.Build.0 = Release|Any CPU
		{4C17F9E9-943C-44E3-ADD9-7993F93597ED}.Debug|Any CPU.ActiveCfg = Debug|Any CPU
		{4C17F9E9-943C-44E3-ADD9-7993F93597ED}.Debug|Any CPU.Build.0 = Debug|Any CPU
		{4C17F9E9-943C-44E3-ADD9-7993F93597ED}.Release|Any CPU.ActiveCfg = Release|Any CPU
		{4C17F9E9-943C-44E3-ADD9-7993F93597ED}.Release|Any CPU.Build.0 = Release|Any CPU
		{29F41FA4-6E3E-4B03-8889-F284C68D56A8}.Debug|Any CPU.ActiveCfg = Debug|Any CPU
		{29F41FA4-6E3E-4B03-8889-F284C68D56A8}.Debug|Any CPU.Build.0 = Debug|Any CPU
		{29F41FA4-6E3E-4B03-8889-F284C68D56A8}.Release|Any CPU.ActiveCfg = Release|Any CPU
		{29F41FA4-6E3E-4B03-8889-F284C68D56A8}.Release|Any CPU.Build.0 = Release|Any CPU
		{D6D20414-9865-47EE-A417-69AC0D779CA4}.Debug|Any CPU.ActiveCfg = Debug|Any CPU
		{D6D20414-9865-47EE-A417-69AC0D779CA4}.Debug|Any CPU.Build.0 = Debug|Any CPU
		{D6D20414-9865-47EE-A417-69AC0D779CA4}.Release|Any CPU.ActiveCfg = Release|Any CPU
		{D6D20414-9865-47EE-A417-69AC0D779CA4}.Release|Any CPU.Build.0 = Release|Any CPU
		{A56327A2-3C4D-4003-B1A3-C9FDF8B93453}.Debug|Any CPU.ActiveCfg = Debug|Any CPU
		{A56327A2-3C4D-4003-B1A3-C9FDF8B93453}.Debug|Any CPU.Build.0 = Debug|Any CPU
		{A56327A2-3C4D-4003-B1A3-C9FDF8B93453}.Release|Any CPU.ActiveCfg = Release|Any CPU
		{A56327A2-3C4D-4003-B1A3-C9FDF8B93453}.Release|Any CPU.Build.0 = Release|Any CPU
		{6A1B3437-362F-4CD6-ACF6-2E95FA9883AE}.Debug|Any CPU.ActiveCfg = Debug|Any CPU
		{6A1B3437-362F-4CD6-ACF6-2E95FA9883AE}.Debug|Any CPU.Build.0 = Debug|Any CPU
		{6A1B3437-362F-4CD6-ACF6-2E95FA9883AE}.Release|Any CPU.ActiveCfg = Release|Any CPU
		{6A1B3437-362F-4CD6-ACF6-2E95FA9883AE}.Release|Any CPU.Build.0 = Release|Any CPU
		{8E5F320E-0FF0-4E5A-B440-9E63123F8D1D}.Debug|Any CPU.ActiveCfg = Debug|Any CPU
		{8E5F320E-0FF0-4E5A-B440-9E63123F8D1D}.Debug|Any CPU.Build.0 = Debug|Any CPU
		{8E5F320E-0FF0-4E5A-B440-9E63123F8D1D}.Release|Any CPU.ActiveCfg = Release|Any CPU
		{8E5F320E-0FF0-4E5A-B440-9E63123F8D1D}.Release|Any CPU.Build.0 = Release|Any CPU
		{9B810E6E-C7CA-457A-BA4A-BB8B96ECCAEE}.Debug|Any CPU.ActiveCfg = Debug|Any CPU
		{9B810E6E-C7CA-457A-BA4A-BB8B96ECCAEE}.Debug|Any CPU.Build.0 = Debug|Any CPU
		{9B810E6E-C7CA-457A-BA4A-BB8B96ECCAEE}.Release|Any CPU.ActiveCfg = Release|Any CPU
		{9B810E6E-C7CA-457A-BA4A-BB8B96ECCAEE}.Release|Any CPU.Build.0 = Release|Any CPU
		{A938B6E5-43A7-4D26-B2C2-7773B0A06660}.Debug|Any CPU.ActiveCfg = Debug|Any CPU
		{A938B6E5-43A7-4D26-B2C2-7773B0A06660}.Debug|Any CPU.Build.0 = Debug|Any CPU
		{A938B6E5-43A7-4D26-B2C2-7773B0A06660}.Release|Any CPU.ActiveCfg = Release|Any CPU
		{A938B6E5-43A7-4D26-B2C2-7773B0A06660}.Release|Any CPU.Build.0 = Release|Any CPU
		{263DEAA2-C356-4716-A9C6-EF638CF3DBAF}.Debug|Any CPU.ActiveCfg = Debug|Any CPU
		{263DEAA2-C356-4716-A9C6-EF638CF3DBAF}.Debug|Any CPU.Build.0 = Debug|Any CPU
		{263DEAA2-C356-4716-A9C6-EF638CF3DBAF}.Release|Any CPU.ActiveCfg = Release|Any CPU
		{263DEAA2-C356-4716-A9C6-EF638CF3DBAF}.Release|Any CPU.Build.0 = Release|Any CPU
		{7C4B2AA8-E0CC-49F4-BAD6-F9DB7520CDFC}.Debug|Any CPU.ActiveCfg = Debug|Any CPU
		{7C4B2AA8-E0CC-49F4-BAD6-F9DB7520CDFC}.Debug|Any CPU.Build.0 = Debug|Any CPU
		{7C4B2AA8-E0CC-49F4-BAD6-F9DB7520CDFC}.Release|Any CPU.ActiveCfg = Release|Any CPU
		{7C4B2AA8-E0CC-49F4-BAD6-F9DB7520CDFC}.Release|Any CPU.Build.0 = Release|Any CPU
		{404B6BEA-F478-4A01-93CF-E70A40C0B323}.Debug|Any CPU.ActiveCfg = Debug|Any CPU
		{404B6BEA-F478-4A01-93CF-E70A40C0B323}.Debug|Any CPU.Build.0 = Debug|Any CPU
		{404B6BEA-F478-4A01-93CF-E70A40C0B323}.Release|Any CPU.ActiveCfg = Release|Any CPU
		{404B6BEA-F478-4A01-93CF-E70A40C0B323}.Release|Any CPU.Build.0 = Release|Any CPU
		{D3316D4D-F88E-4612-B675-FA9A09027069}.Debug|Any CPU.ActiveCfg = Debug|Any CPU
		{D3316D4D-F88E-4612-B675-FA9A09027069}.Debug|Any CPU.Build.0 = Debug|Any CPU
		{D3316D4D-F88E-4612-B675-FA9A09027069}.Release|Any CPU.ActiveCfg = Release|Any CPU
		{D3316D4D-F88E-4612-B675-FA9A09027069}.Release|Any CPU.Build.0 = Release|Any CPU
		{D2FC92CB-7EED-41F1-9BC4-46471EC43E76}.Debug|Any CPU.ActiveCfg = Debug|Any CPU
		{D2FC92CB-7EED-41F1-9BC4-46471EC43E76}.Debug|Any CPU.Build.0 = Debug|Any CPU
		{D2FC92CB-7EED-41F1-9BC4-46471EC43E76}.Release|Any CPU.ActiveCfg = Release|Any CPU
		{D2FC92CB-7EED-41F1-9BC4-46471EC43E76}.Release|Any CPU.Build.0 = Release|Any CPU
	EndGlobalSection
EndGlobal
