
Microsoft Visual Studio Solution File, Format Version 12.00
# Visual Studio Version 17
VisualStudioVersion = 17.0.31903.59
MinimumVisualStudioVersion = 10.0.40219.1
Project("{FAE04EC0-301F-11D3-BF4B-00C04F79EFBC}") = "task1", "task1\task1.csproj", "{A995EA45-FF15-4ED5-9096-B3A4EF539F42}"
EndProject
Project("{FAE04EC0-301F-11D3-BF4B-00C04F79EFBC}") = "testTask1", "testTask1\testTask1.csproj", "{4C17F9E9-943C-44E3-ADD9-7993F93597ED}"
EndProject
Project("{FAE04EC0-301F-11D3-BF4B-00C04F79EFBC}") = "task2", "task2\task2.csproj", "{29F41FA4-6E3E-4B03-8889-F284C68D56A8}"
EndProject
Project("{FAE04EC0-301F-11D3-BF4B-00C04F79EFBC}") = "testTask2", "testTask2\testTask2.csproj", "{D6D20414-9865-47EE-A417-69AC0D779CA4}"
EndProject
Project("{FAE04EC0-301F-11D3-BF4B-00C04F79EFBC}") = "task3", "task3\task3.csproj", "{A56327A2-3C4D-4003-B1A3-C9FDF8B93453}"
EndProject
Project("{FAE04EC0-301F-11D3-BF4B-00C04F79EFBC}") = "testTask3", "testTask3\testTask3.csproj", "{6A1B3437-362F-4CD6-ACF6-2E95FA9883AE}"
EndProject
Global
	GlobalSection(SolutionConfigurationPlatforms) = preSolution
		Debug|Any CPU = Debug|Any CPU
		Release|Any CPU = Release|Any CPU
	EndGlobalSection
	GlobalSection(SolutionProperties) = preSolution
		HideSolutionNode = FALSE
	EndGlobalSection
	GlobalSection(ProjectConfigurationPlatforms) = postSolution
		{A995EA45-FF15-4ED5-9096-B3A4EF539F42}.Debug|Any CPU.ActiveCfg = Debug|Any CPU
		{A995EA45-FF15-4ED5-9096-B3A4EF539F42}.Debug|Any CPU.Build.0 = Debug|Any CPU
		{A995EA45-FF15-4ED5-9096-B3A4EF539F42}.Release|Any CPU.ActiveCfg = Release|Any CPU
		{A995EA45-FF15-4ED5-9096-B3A4EF539F42}.Release|Any CPU.Build.0 = Release|Any CPU
		{4C17F9E9-943C-44E3-ADD9-7993F93597ED}.Debug|Any CPU.ActiveCfg = Debug|Any CPU
		{4C17F9E9-943C-44E3-ADD9-7993F93597ED}.Debug|Any CPU.Build.0 = Debug|Any CPU
		{4C17F9E9-943C-44E3-ADD9-7993F93597ED}.Release|Any CPU.ActiveCfg = Release|Any CPU
		{4C17F9E9-943C-44E3-ADD9-7993F93597ED}.Release|Any CPU.Build.0 = Release|Any CPU
		{29F41FA4-6E3E-4B03-8889-F284C68D56A8}.Debug|Any CPU.ActiveCfg = Debug|Any CPU
		{29F41FA4-6E3E-4B03-8889-F284C68D56A8}.Debug|Any CPU.Build.0 = Debug|Any CPU
		{29F41FA4-6E3E-4B03-8889-F284C68D56A8}.Release|Any CPU.ActiveCfg = Release|Any CPU
		{29F41FA4-6E3E-4B03-8889-F284C68D56A8}.Release|Any CPU.Build.0 = Release|Any CPU
		{D6D20414-9865-47EE-A417-69AC0D779CA4}.Debug|Any CPU.ActiveCfg = Debug|Any CPU
		{D6D20414-9865-47EE-A417-69AC0D779CA4}.Debug|Any CPU.Build.0 = Debug|Any CPU
		{D6D20414-9865-47EE-A417-69AC0D779CA4}.Release|Any CPU.ActiveCfg = Release|Any CPU
		{D6D20414-9865-47EE-A417-69AC0D779CA4}.Release|Any CPU.Build.0 = Release|Any CPU
		{A56327A2-3C4D-4003-B1A3-C9FDF8B93453}.Debug|Any CPU.ActiveCfg = Debug|Any CPU
		{A56327A2-3C4D-4003-B1A3-C9FDF8B93453}.Debug|Any CPU.Build.0 = Debug|Any CPU
		{A56327A2-3C4D-4003-B1A3-C9FDF8B93453}.Release|Any CPU.ActiveCfg = Release|Any CPU
		{A56327A2-3C4D-4003-B1A3-C9FDF8B93453}.Release|Any CPU.Build.0 = Release|Any CPU
		{6A1B3437-362F-4CD6-ACF6-2E95FA9883AE}.Debug|Any CPU.ActiveCfg = Debug|Any CPU
		{6A1B3437-362F-4CD6-ACF6-2E95FA9883AE}.Debug|Any CPU.Build.0 = Debug|Any CPU
		{6A1B3437-362F-4CD6-ACF6-2E95FA9883AE}.Release|Any CPU.ActiveCfg = Release|Any CPU
		{6A1B3437-362F-4CD6-ACF6-2E95FA9883AE}.Release|Any CPU.Build.0 = Release|Any CPU
	EndGlobalSection
EndGlobal
